
Microsoft Visual Studio Solution File, Format Version 12.00
# Visual Studio Version 17
VisualStudioVersion = 17.5.33516.290
MinimumVisualStudioVersion = 10.0.40219.1
Project("{FAE04EC0-301F-11D3-BF4B-00C04F79EFBC}") = "MangoInfoApp", "MangoInfoApp\MangoInfoApp.csproj", "{3E4D36B0-20E6-4A6E-A54B-84C1C0D5AEDC}"
EndProject
Global
	GlobalSection(SolutionConfigurationPlatforms) = preSolution
		Debug|Any CPU = Debug|Any CPU
		Release|Any CPU = Release|Any CPU
	EndGlobalSection
	GlobalSection(ProjectConfigurationPlatforms) = postSolution
		{3E4D36B0-20E6-4A6E-A54B-84C1C0D5AEDC}.Debug|Any CPU.ActiveCfg = Debug|Any CPU
		{3E4D36B0-20E6-4A6E-A54B-84C1C0D5AEDC}.Debug|Any CPU.Build.0 = Debug|Any CPU
		{3E4D36B0-20E6-4A6E-A54B-84C1C0D5AEDC}.Release|Any CPU.ActiveCfg = Release|Any CPU
		{3E4D36B0-20E6-4A6E-A54B-84C1C0D5AEDC}.Release|Any CPU.Build.0 = Release|Any CPU
	EndGlobalSection
	GlobalSection(SolutionProperties) = preSolution
		HideSolutionNode = FALSE
	EndGlobalSection
	GlobalSection(ExtensibilityGlobals) = postSolution
		SolutionGuid = {D12F2DDF-75A9-4B6B-AE26-014E7D5F69FB}
	EndGlobalSection
EndGlobal
